
Microsoft Visual Studio Solution File, Format Version 12.00
# Visual Studio Version 16
VisualStudioVersion = 16.0.29123.88
MinimumVisualStudioVersion = 10.0.40219.1
Project("{FAE04EC0-301F-11D3-BF4B-00C04F79EFBC}") = "BackEnd", "BackEnd\BackEnd.csproj", "{057C0830-115B-441F-9373-8EC23607DA9A}"
EndProject
Global
	GlobalSection(SolutionConfigurationPlatforms) = preSolution
		Debug|Any CPU = Debug|Any CPU
		Release|Any CPU = Release|Any CPU
	EndGlobalSection
	GlobalSection(ProjectConfigurationPlatforms) = postSolution
		{057C0830-115B-441F-9373-8EC23607DA9A}.Debug|Any CPU.ActiveCfg = Debug|Any CPU
		{057C0830-115B-441F-9373-8EC23607DA9A}.Debug|Any CPU.Build.0 = Debug|Any CPU
		{057C0830-115B-441F-9373-8EC23607DA9A}.Release|Any CPU.ActiveCfg = Release|Any CPU
		{057C0830-115B-441F-9373-8EC23607DA9A}.Release|Any CPU.Build.0 = Release|Any CPU
	EndGlobalSection
	GlobalSection(SolutionProperties) = preSolution
		HideSolutionNode = FALSE
	EndGlobalSection
	GlobalSection(ExtensibilityGlobals) = postSolution
		SolutionGuid = {E4B3F45B-0E86-468B-8131-97ADD1CCAB81}
	EndGlobalSection
EndGlobal
